
Microsoft Visual Studio Solution File, Format Version 10.00
# Visual Studio 2008
Project("{8BC9CEB8-8B4A-11D0-8D11-00A0C91BC942}") = "xMap", "xMap\xMap.vcproj", "{D31588D8-83E8-4317-B4EC-B9BCA26A6EE2}"
EndProject
Global
	GlobalSection(SolutionConfigurationPlatforms) = preSolution
		Debug|Win32 = Debug|Win32
		Release|Win32 = Release|Win32
	EndGlobalSection
	GlobalSection(ProjectConfigurationPlatforms) = postSolution
		{D31588D8-83E8-4317-B4EC-B9BCA26A6EE2}.Debug|Win32.ActiveCfg = Debug|Win32
		{D31588D8-83E8-4317-B4EC-B9BCA26A6EE2}.Debug|Win32.Build.0 = Debug|Win32
		{D31588D8-83E8-4317-B4EC-B9BCA26A6EE2}.Release|Win32.ActiveCfg = Release|Win32
		{D31588D8-83E8-4317-B4EC-B9BCA26A6EE2}.Release|Win32.Build.0 = Release|Win32
	EndGlobalSection
	GlobalSection(SolutionProperties) = preSolution
		HideSolutionNode = FALSE
	EndGlobalSection
EndGlobal
